
Microsoft Visual Studio Solution File, Format Version 12.00
# Visual Studio 15
VisualStudioVersion = 15.0.28010.2036
MinimumVisualStudioVersion = 10.0.40219.1
Project("{8BC9CEB8-8B4A-11D0-8D11-00A0C91BC942}") = "Memory", "Memory\Memory.vcxproj", "{C195E7B6-5A08-4BE6-A1B8-BA9A976F600A}"
EndProject
Global
	GlobalSection(SolutionConfigurationPlatforms) = preSolution
		Debug|x64 = Debug|x64
		Debug|x86 = Debug|x86
		Release|x64 = Release|x64
		Release|x86 = Release|x86
	EndGlobalSection
	GlobalSection(ProjectConfigurationPlatforms) = postSolution
		{C195E7B6-5A08-4BE6-A1B8-BA9A976F600A}.Debug|x64.ActiveCfg = Debug|x64
		{C195E7B6-5A08-4BE6-A1B8-BA9A976F600A}.Debug|x64.Build.0 = Debug|x64
		{C195E7B6-5A08-4BE6-A1B8-BA9A976F600A}.Debug|x86.ActiveCfg = Debug|Win32
		{C195E7B6-5A08-4BE6-A1B8-BA9A976F600A}.Debug|x86.Build.0 = Debug|Win32
		{C195E7B6-5A08-4BE6-A1B8-BA9A976F600A}.Release|x64.ActiveCfg = Release|x64
		{C195E7B6-5A08-4BE6-A1B8-BA9A976F600A}.Release|x64.Build.0 = Release|x64
		{C195E7B6-5A08-4BE6-A1B8-BA9A976F600A}.Release|x86.ActiveCfg = Release|Win32
		{C195E7B6-5A08-4BE6-A1B8-BA9A976F600A}.Release|x86.Build.0 = Release|Win32
	EndGlobalSection
	GlobalSection(SolutionProperties) = preSolution
		HideSolutionNode = FALSE
	EndGlobalSection
	GlobalSection(ExtensibilityGlobals) = postSolution
		SolutionGuid = {7193687C-FCAA-4B5F-AD56-E325E7CA3C3F}
	EndGlobalSection
EndGlobal
