
Microsoft Visual Studio Solution File, Format Version 12.00
# Visual Studio 15
VisualStudioVersion = 15.0.27703.2042
MinimumVisualStudioVersion = 10.0.40219.1
Project("{8BC9CEB8-8B4A-11D0-8D11-00A0C91BC942}") = "RandomNum", "RandomNum\RandomNum.vcxproj", "{8C666D19-518A-476C-B2FC-56DE6538D47B}"
EndProject
Global
	GlobalSection(SolutionConfigurationPlatforms) = preSolution
		Debug|x64 = Debug|x64
		Debug|x86 = Debug|x86
		Release|x64 = Release|x64
		Release|x86 = Release|x86
	EndGlobalSection
	GlobalSection(ProjectConfigurationPlatforms) = postSolution
		{8C666D19-518A-476C-B2FC-56DE6538D47B}.Debug|x64.ActiveCfg = Debug|x64
		{8C666D19-518A-476C-B2FC-56DE6538D47B}.Debug|x64.Build.0 = Debug|x64
		{8C666D19-518A-476C-B2FC-56DE6538D47B}.Debug|x86.ActiveCfg = Debug|Win32
		{8C666D19-518A-476C-B2FC-56DE6538D47B}.Debug|x86.Build.0 = Debug|Win32
		{8C666D19-518A-476C-B2FC-56DE6538D47B}.Release|x64.ActiveCfg = Release|x64
		{8C666D19-518A-476C-B2FC-56DE6538D47B}.Release|x64.Build.0 = Release|x64
		{8C666D19-518A-476C-B2FC-56DE6538D47B}.Release|x86.ActiveCfg = Release|Win32
		{8C666D19-518A-476C-B2FC-56DE6538D47B}.Release|x86.Build.0 = Release|Win32
	EndGlobalSection
	GlobalSection(SolutionProperties) = preSolution
		HideSolutionNode = FALSE
	EndGlobalSection
	GlobalSection(ExtensibilityGlobals) = postSolution
		SolutionGuid = {9292A51C-EFC3-41B9-B454-801877EBF9B3}
	EndGlobalSection
EndGlobal
